
Microsoft Visual Studio Solution File, Format Version 12.00
# Visual Studio Version 16
VisualStudioVersion = 16.0.28803.352
MinimumVisualStudioVersion = 10.0.40219.1
Project("{8BC9CEB8-8B4A-11D0-8D11-00A0C91BC942}") = "Brainfuck interpreter", "Brainfuck interpreter\Brainfuck interpreter.vcxproj", "{5638F1C4-7BF6-4C6D-91FC-064B8AE0E74E}"
EndProject
Global
	GlobalSection(SolutionConfigurationPlatforms) = preSolution
		Debug|x64 = Debug|x64
		Debug|x86 = Debug|x86
		Release|x64 = Release|x64
		Release|x86 = Release|x86
	EndGlobalSection
	GlobalSection(ProjectConfigurationPlatforms) = postSolution
		{5638F1C4-7BF6-4C6D-91FC-064B8AE0E74E}.Debug|x64.ActiveCfg = Debug|x64
		{5638F1C4-7BF6-4C6D-91FC-064B8AE0E74E}.Debug|x64.Build.0 = Debug|x64
		{5638F1C4-7BF6-4C6D-91FC-064B8AE0E74E}.Debug|x86.ActiveCfg = Debug|Win32
		{5638F1C4-7BF6-4C6D-91FC-064B8AE0E74E}.Debug|x86.Build.0 = Debug|Win32
		{5638F1C4-7BF6-4C6D-91FC-064B8AE0E74E}.Release|x64.ActiveCfg = Release|x64
		{5638F1C4-7BF6-4C6D-91FC-064B8AE0E74E}.Release|x64.Build.0 = Release|x64
		{5638F1C4-7BF6-4C6D-91FC-064B8AE0E74E}.Release|x86.ActiveCfg = Release|Win32
		{5638F1C4-7BF6-4C6D-91FC-064B8AE0E74E}.Release|x86.Build.0 = Release|Win32
	EndGlobalSection
	GlobalSection(SolutionProperties) = preSolution
		HideSolutionNode = FALSE
	EndGlobalSection
	GlobalSection(ExtensibilityGlobals) = postSolution
		SolutionGuid = {D1C13A92-0816-4ECE-9547-33A91459E9F2}
	EndGlobalSection
EndGlobal
